
Microsoft Visual Studio Solution File, Format Version 12.00
# Visual Studio 15
VisualStudioVersion = 15.0.28010.2041
MinimumVisualStudioVersion = 10.0.40219.1
Project("{FAE04EC0-301F-11D3-BF4B-00C04F79EFBC}") = "dotnetconf", "dotnetconf\dotnetconf.csproj", "{E534891E-0D15-4809-A909-EBE0D0FD19CC}"
EndProject
Global
	GlobalSection(SolutionConfigurationPlatforms) = preSolution
		Debug|Any CPU = Debug|Any CPU
		Release|Any CPU = Release|Any CPU
	EndGlobalSection
	GlobalSection(ProjectConfigurationPlatforms) = postSolution
		{E534891E-0D15-4809-A909-EBE0D0FD19CC}.Debug|Any CPU.ActiveCfg = Debug|Any CPU
		{E534891E-0D15-4809-A909-EBE0D0FD19CC}.Debug|Any CPU.Build.0 = Debug|Any CPU
		{E534891E-0D15-4809-A909-EBE0D0FD19CC}.Release|Any CPU.ActiveCfg = Release|Any CPU
		{E534891E-0D15-4809-A909-EBE0D0FD19CC}.Release|Any CPU.Build.0 = Release|Any CPU
	EndGlobalSection
	GlobalSection(SolutionProperties) = preSolution
		HideSolutionNode = FALSE
	EndGlobalSection
	GlobalSection(ExtensibilityGlobals) = postSolution
		SolutionGuid = {E3F54B84-FD67-43B5-8DA4-91F37F81B97D}
	EndGlobalSection
EndGlobal
